
Microsoft Visual Studio Solution File, Format Version 12.00
# Visual Studio Version 17
VisualStudioVersion = 17.6.33829.357
MinimumVisualStudioVersion = 10.0.40219.1
Project("{FAE04EC0-301F-11D3-BF4B-00C04F79EFBC}") = "RPA", "RPA\RPA.csproj", "{F9DCA5A0-0198-4E05-9EEF-2EB26D7F64B8}"
EndProject
Global
	GlobalSection(SolutionConfigurationPlatforms) = preSolution
		Debug|Any CPU = Debug|Any CPU
		Release|Any CPU = Release|Any CPU
	EndGlobalSection
	GlobalSection(ProjectConfigurationPlatforms) = postSolution
		{F9DCA5A0-0198-4E05-9EEF-2EB26D7F64B8}.Debug|Any CPU.ActiveCfg = Debug|Any CPU
		{F9DCA5A0-0198-4E05-9EEF-2EB26D7F64B8}.Debug|Any CPU.Build.0 = Debug|Any CPU
		{F9DCA5A0-0198-4E05-9EEF-2EB26D7F64B8}.Release|Any CPU.ActiveCfg = Release|Any CPU
		{F9DCA5A0-0198-4E05-9EEF-2EB26D7F64B8}.Release|Any CPU.Build.0 = Release|Any CPU
	EndGlobalSection
	GlobalSection(SolutionProperties) = preSolution
		HideSolutionNode = FALSE
	EndGlobalSection
	GlobalSection(ExtensibilityGlobals) = postSolution
		SolutionGuid = {30712E37-5AA2-4A0F-80E9-56B82BEDE993}
	EndGlobalSection
EndGlobal
